// !$*UTF8*$!
{
	archiveVersion = 1;
	classes = {
	};
	objectVersion = 48;
	objects = {

/* Begin PBXBuildFile section */
		9511448B1F9DD07D00F9FCFF /* Utils.swift in Sources */ = {isa = PBXBuildFile; fileRef = 9511448A1F9DD07D00F9FCFF /* Utils.swift */; };
		952528B51F8B9EA100054309 /* VideoViewComponent.swift in Sources */ = {isa = PBXBuildFile; fileRef = 952528B41F8B9EA100054309 /* VideoViewComponent.swift */; };
		9578E4731F911BA5004EF881 /* Aes256InitializationVector.swift in Sources */ = {isa = PBXBuildFile; fileRef = 9578E4721F911BA5004EF881 /* Aes256InitializationVector.swift */; };
		9578E4751F911BEF004EF881 /* Aes256Key.swift in Sources */ = {isa = PBXBuildFile; fileRef = 9578E4741F911BEF004EF881 /* Aes256Key.swift */; };
		957A76E61F7BD73A005D32ED /* TextInputViewComponent.swift in Sources */ = {isa = PBXBuildFile; fileRef = 957A76D21F7BD739005D32ED /* TextInputViewComponent.swift */; };
		957A76E71F7BD73A005D32ED /* ButtonComponent.swift in Sources */ = {isa = PBXBuildFile; fileRef = 957A76D31F7BD739005D32ED /* ButtonComponent.swift */; };
		957A76E81F7BD73A005D32ED /* VideoPreviewViewComponent.swift in Sources */ = {isa = PBXBuildFile; fileRef = 957A76D41F7BD739005D32ED /* VideoPreviewViewComponent.swift */; };
		957A76E91F7BD73A005D32ED /* Appearance.swift in Sources */ = {isa = PBXBuildFile; fileRef = 957A76D51F7BD739005D32ED /* Appearance.swift */; };
		957A76EA1F7BD73A005D32ED /* ApplicationManager.swift in Sources */ = {isa = PBXBuildFile; fileRef = 957A76D71F7BD739005D32ED /* ApplicationManager.swift */; };
		957A76EB1F7BD73A005D32ED /* MenuManager.swift in Sources */ = {isa = PBXBuildFile; fileRef = 957A76D81F7BD739005D32ED /* MenuManager.swift */; };
		957A76ED1F7BD73A005D32ED /* Extension.swift in Sources */ = {isa = PBXBuildFile; fileRef = 957A76DC1F7BD73A005D32ED /* Extension.swift */; };
		957A76EE1F7BD73A005D32ED /* main.swift in Sources */ = {isa = PBXBuildFile; fileRef = 957A76DD1F7BD73A005D32ED /* main.swift */; };
		957A76F01F7BD73A005D32ED /* VideoSession.swift in Sources */ = {isa = PBXBuildFile; fileRef = 957A76E01F7BD73A005D32ED /* VideoSession.swift */; };
		957A76F11F7BD73A005D32ED /* ContainerController.swift in Sources */ = {isa = PBXBuildFile; fileRef = 957A76E21F7BD73A005D32ED /* ContainerController.swift */; };
		957A76F21F7BD73A005D32ED /* MainController.swift in Sources */ = {isa = PBXBuildFile; fileRef = 957A76E31F7BD73A005D32ED /* MainController.swift */; };
		957A76F31F7BD73A005D32ED /* VideoSessionController.swift in Sources */ = {isa = PBXBuildFile; fileRef = 957A76E41F7BD73A005D32ED /* VideoSessionController.swift */; };
		957A76F41F7BD73A005D32ED /* ConnectionController.swift in Sources */ = {isa = PBXBuildFile; fileRef = 957A76E51F7BD73A005D32ED /* ConnectionController.swift */; };
		957A76FF1F7BD7FF005D32ED /* UdpSocket.swift in Sources */ = {isa = PBXBuildFile; fileRef = 957A76F81F7BD7FF005D32ED /* UdpSocket.swift */; };
		957BABB31F98E77F00F6B383 /* VideoEncoder.swift in Sources */ = {isa = PBXBuildFile; fileRef = 957BABB21F98E77F00F6B383 /* VideoEncoder.swift */; };
		958CD4541F8228A800D453C8 /* Sha256.swift in Sources */ = {isa = PBXBuildFile; fileRef = 958CD4521F8228A800D453C8 /* Sha256.swift */; };
		958CD4551F8228A800D453C8 /* Aes256.swift in Sources */ = {isa = PBXBuildFile; fileRef = 958CD4531F8228A800D453C8 /* Aes256.swift */; };
		958CD4581F82292100D453C8 /* MouseEventMonitor.swift in Sources */ = {isa = PBXBuildFile; fileRef = 958CD4571F82292100D453C8 /* MouseEventMonitor.swift */; };
		9598F6991F937457009080B9 /* VideoFrameCoder.swift in Sources */ = {isa = PBXBuildFile; fileRef = 9598F6981F937457009080B9 /* VideoFrameCoder.swift */; };
		95FE8C5C1F8A4DB4002556EA /* RandomNumberGenerator.swift in Sources */ = {isa = PBXBuildFile; fileRef = 95FE8C5B1F8A4DB4002556EA /* RandomNumberGenerator.swift */; };
/* End PBXBuildFile section */

/* Begin PBXFileReference section */
		9511448A1F9DD07D00F9FCFF /* Utils.swift */ = {isa = PBXFileReference; lastKnownFileType = sourcecode.swift; path = Utils.swift; sourceTree = "<group>"; };
		9514457F1F9FAFB900C16C65 /* AVFoundation.framework */ = {isa = PBXFileReference; lastKnownFileType = wrapper.framework; name = AVFoundation.framework; path = System/Library/Frameworks/AVFoundation.framework; sourceTree = SDKROOT; };
		951445811F9FB09900C16C65 /* CoreVideo.framework */ = {isa = PBXFileReference; lastKnownFileType = wrapper.framework; name = CoreVideo.framework; path = System/Library/Frameworks/CoreVideo.framework; sourceTree = SDKROOT; };
		952528B41F8B9EA100054309 /* VideoViewComponent.swift */ = {isa = PBXFileReference; lastKnownFileType = sourcecode.swift; path = VideoViewComponent.swift; sourceTree = "<group>"; };
		956F34701F83D7BB00D5A02E /* Conference.app */ = {isa = PBXFileReference; explicitFileType = wrapper.application; includeInIndex = 0; path = Conference.app; sourceTree = BUILT_PRODUCTS_DIR; };
		9578E4721F911BA5004EF881 /* Aes256InitializationVector.swift */ = {isa = PBXFileReference; lastKnownFileType = sourcecode.swift; path = Aes256InitializationVector.swift; sourceTree = "<group>"; };
		9578E4741F911BEF004EF881 /* Aes256Key.swift */ = {isa = PBXFileReference; lastKnownFileType = sourcecode.swift; path = Aes256Key.swift; sourceTree = "<group>"; };
		957A76D21F7BD739005D32ED /* TextInputViewComponent.swift */ = {isa = PBXFileReference; fileEncoding = 4; lastKnownFileType = sourcecode.swift; path = TextInputViewComponent.swift; sourceTree = "<group>"; };
		957A76D31F7BD739005D32ED /* ButtonComponent.swift */ = {isa = PBXFileReference; fileEncoding = 4; lastKnownFileType = sourcecode.swift; path = ButtonComponent.swift; sourceTree = "<group>"; };
		957A76D41F7BD739005D32ED /* VideoPreviewViewComponent.swift */ = {isa = PBXFileReference; fileEncoding = 4; lastKnownFileType = sourcecode.swift; path = VideoPreviewViewComponent.swift; sourceTree = "<group>"; };
		957A76D51F7BD739005D32ED /* Appearance.swift */ = {isa = PBXFileReference; fileEncoding = 4; lastKnownFileType = sourcecode.swift; path = Appearance.swift; sourceTree = "<group>"; };
		957A76D71F7BD739005D32ED /* ApplicationManager.swift */ = {isa = PBXFileReference; fileEncoding = 4; lastKnownFileType = sourcecode.swift; path = ApplicationManager.swift; sourceTree = "<group>"; };
		957A76D81F7BD739005D32ED /* MenuManager.swift */ = {isa = PBXFileReference; fileEncoding = 4; lastKnownFileType = sourcecode.swift; path = MenuManager.swift; sourceTree = "<group>"; };
		957A76DC1F7BD73A005D32ED /* Extension.swift */ = {isa = PBXFileReference; fileEncoding = 4; lastKnownFileType = sourcecode.swift; path = Extension.swift; sourceTree = "<group>"; };
		957A76DD1F7BD73A005D32ED /* main.swift */ = {isa = PBXFileReference; fileEncoding = 4; lastKnownFileType = sourcecode.swift; path = main.swift; sourceTree = "<group>"; };
		957A76DE1F7BD73A005D32ED /* Info.plist */ = {isa = PBXFileReference; fileEncoding = 4; lastKnownFileType = text.plist.xml; path = Info.plist; sourceTree = "<group>"; };
		957A76E01F7BD73A005D32ED /* VideoSession.swift */ = {isa = PBXFileReference; fileEncoding = 4; lastKnownFileType = sourcecode.swift; path = VideoSession.swift; sourceTree = "<group>"; };
		957A76E21F7BD73A005D32ED /* ContainerController.swift */ = {isa = PBXFileReference; fileEncoding = 4; lastKnownFileType = sourcecode.swift; path = ContainerController.swift; sourceTree = "<group>"; };
		957A76E31F7BD73A005D32ED /* MainController.swift */ = {isa = PBXFileReference; fileEncoding = 4; lastKnownFileType = sourcecode.swift; path = MainController.swift; sourceTree = "<group>"; };
		957A76E41F7BD73A005D32ED /* VideoSessionController.swift */ = {isa = PBXFileReference; fileEncoding = 4; lastKnownFileType = sourcecode.swift; path = VideoSessionController.swift; sourceTree = "<group>"; };
		957A76E51F7BD73A005D32ED /* ConnectionController.swift */ = {isa = PBXFileReference; fileEncoding = 4; lastKnownFileType = sourcecode.swift; path = ConnectionController.swift; sourceTree = "<group>"; };
		957A76F81F7BD7FF005D32ED /* UdpSocket.swift */ = {isa = PBXFileReference; fileEncoding = 4; lastKnownFileType = sourcecode.swift; path = UdpSocket.swift; sourceTree = "<group>"; };
		957BABB21F98E77F00F6B383 /* VideoEncoder.swift */ = {isa = PBXFileReference; lastKnownFileType = sourcecode.swift; path = VideoEncoder.swift; sourceTree = "<group>"; };
		958CD4521F8228A800D453C8 /* Sha256.swift */ = {isa = PBXFileReference; fileEncoding = 4; lastKnownFileType = sourcecode.swift; path = Sha256.swift; sourceTree = "<group>"; };
		958CD4531F8228A800D453C8 /* Aes256.swift */ = {isa = PBXFileReference; fileEncoding = 4; lastKnownFileType = sourcecode.swift; path = Aes256.swift; sourceTree = "<group>"; };
		958CD4571F82292100D453C8 /* MouseEventMonitor.swift */ = {isa = PBXFileReference; fileEncoding = 4; lastKnownFileType = sourcecode.swift; path = MouseEventMonitor.swift; sourceTree = "<group>"; };
		958CD4591F82293500D453C8 /* BridgingHeader.h */ = {isa = PBXFileReference; fileEncoding = 4; lastKnownFileType = sourcecode.c.h; path = BridgingHeader.h; sourceTree = "<group>"; };
		9598F6981F937457009080B9 /* VideoFrameCoder.swift */ = {isa = PBXFileReference; lastKnownFileType = sourcecode.swift; path = VideoFrameCoder.swift; sourceTree = "<group>"; };
		95FE8C5B1F8A4DB4002556EA /* RandomNumberGenerator.swift */ = {isa = PBXFileReference; lastKnownFileType = sourcecode.swift; path = RandomNumberGenerator.swift; sourceTree = "<group>"; };
/* End PBXFileReference section */

/* Begin PBXFrameworksBuildPhase section */
		95DA381C1F5722C100A1B9F0 /* Frameworks */ = {
			isa = PBXFrameworksBuildPhase;
			buildActionMask = 2147483647;
			files = (
			);
			runOnlyForDeploymentPostprocessing = 0;
		};
/* End PBXFrameworksBuildPhase section */

/* Begin PBXGroup section */
		9514457E1F9FAFB800C16C65 /* Frameworks */ = {
			isa = PBXGroup;
			children = (
				951445811F9FB09900C16C65 /* CoreVideo.framework */,
				9514457F1F9FAFB900C16C65 /* AVFoundation.framework */,
			);
			name = Frameworks;
			sourceTree = "<group>";
		};
		957A76D11F7BD739005D32ED /* view */ = {
			isa = PBXGroup;
			children = (
				957A76D21F7BD739005D32ED /* TextInputViewComponent.swift */,
				957A76D31F7BD739005D32ED /* ButtonComponent.swift */,
				957A76D41F7BD739005D32ED /* VideoPreviewViewComponent.swift */,
				957A76D51F7BD739005D32ED /* Appearance.swift */,
				952528B41F8B9EA100054309 /* VideoViewComponent.swift */,
			);
			name = view;
			path = Conference/view;
			sourceTree = "<group>";
		};
		957A76D61F7BD739005D32ED /* manager */ = {
			isa = PBXGroup;
			children = (
				957A76D71F7BD739005D32ED /* ApplicationManager.swift */,
				957A76D81F7BD739005D32ED /* MenuManager.swift */,
			);
			name = manager;
			path = Conference/manager;
			sourceTree = "<group>";
		};
		957A76D91F7BD739005D32ED /* network */ = {
			isa = PBXGroup;
			children = (
				957A76F81F7BD7FF005D32ED /* UdpSocket.swift */,
			);
			name = network;
			path = Conference/network;
			sourceTree = "<group>";
		};
		957A76DA1F7BD73A005D32ED /* misc */ = {
			isa = PBXGroup;
			children = (
				958CD4591F82293500D453C8 /* BridgingHeader.h */,
				957A76DC1F7BD73A005D32ED /* Extension.swift */,
				957A76DD1F7BD73A005D32ED /* main.swift */,
				957A76DE1F7BD73A005D32ED /* Info.plist */,
				9511448A1F9DD07D00F9FCFF /* Utils.swift */,
			);
			name = misc;
			path = Conference/misc;
			sourceTree = "<group>";
		};
		957A76DF1F7BD73A005D32ED /* video */ = {
			isa = PBXGroup;
			children = (
				957BABB21F98E77F00F6B383 /* VideoEncoder.swift */,
				9598F6981F937457009080B9 /* VideoFrameCoder.swift */,
				957A76E01F7BD73A005D32ED /* VideoSession.swift */,
			);
			name = video;
			path = Conference/video;
			sourceTree = "<group>";
		};
		957A76E11F7BD73A005D32ED /* controller */ = {
			isa = PBXGroup;
			children = (
				957A76E21F7BD73A005D32ED /* ContainerController.swift */,
				957A76E31F7BD73A005D32ED /* MainController.swift */,
				957A76E41F7BD73A005D32ED /* VideoSessionController.swift */,
				957A76E51F7BD73A005D32ED /* ConnectionController.swift */,
			);
			name = controller;
			path = Conference/controller;
			sourceTree = "<group>";
		};
		958CD4511F8228A800D453C8 /* crypto */ = {
			isa = PBXGroup;
			children = (
				958CD4531F8228A800D453C8 /* Aes256.swift */,
				9578E4741F911BEF004EF881 /* Aes256Key.swift */,
				9578E4721F911BA5004EF881 /* Aes256InitializationVector.swift */,
				958CD4521F8228A800D453C8 /* Sha256.swift */,
				95FE8C5B1F8A4DB4002556EA /* RandomNumberGenerator.swift */,
			);
			name = crypto;
			path = Conference/crypto;
			sourceTree = "<group>";
		};
		958CD4561F82292100D453C8 /* event */ = {
			isa = PBXGroup;
			children = (
				958CD4571F82292100D453C8 /* MouseEventMonitor.swift */,
			);
			name = event;
			path = Conference/event;
			sourceTree = "<group>";
		};
		9598F6951F913D28009080B9 /* model */ = {
			isa = PBXGroup;
			children = (
			);
			name = model;
			path = Conference/model;
			sourceTree = "<group>";
		};
		95DA38161F5722C100A1B9F0 = {
			isa = PBXGroup;
			children = (
				9598F6951F913D28009080B9 /* model */,
				958CD4561F82292100D453C8 /* event */,
				958CD4511F8228A800D453C8 /* crypto */,
				957A76E11F7BD73A005D32ED /* controller */,
				957A76D61F7BD739005D32ED /* manager */,
				957A76D91F7BD739005D32ED /* network */,
				957A76DF1F7BD73A005D32ED /* video */,
				957A76D11F7BD739005D32ED /* view */,
				957A76DA1F7BD73A005D32ED /* misc */,
				956F34701F83D7BB00D5A02E /* Conference.app */,
				9514457E1F9FAFB800C16C65 /* Frameworks */,
			);
			sourceTree = "<group>";
		};
/* End PBXGroup section */

/* Begin PBXNativeTarget section */
		95DA381E1F5722C100A1B9F0 /* Conference */ = {
			isa = PBXNativeTarget;
			buildConfigurationList = 95DA382D1F5722C100A1B9F0 /* Build configuration list for PBXNativeTarget "Conference" */;
			buildPhases = (
				95DA381B1F5722C100A1B9F0 /* Sources */,
				95DA381C1F5722C100A1B9F0 /* Frameworks */,
				95DA381D1F5722C100A1B9F0 /* Resources */,
			);
			buildRules = (
			);
			dependencies = (
			);
			name = Conference;
			productName = Conference;
			productReference = 956F34701F83D7BB00D5A02E /* Conference.app */;
			productType = "com.apple.product-type.application";
		};
/* End PBXNativeTarget section */

/* Begin PBXProject section */
		95DA38171F5722C100A1B9F0 /* Project object */ = {
			isa = PBXProject;
			attributes = {
				LastSwiftUpdateCheck = 0900;
				LastUpgradeCheck = 0900;
				TargetAttributes = {
					95DA381E1F5722C100A1B9F0 = {
						CreatedOnToolsVersion = 9.0;
						LastSwiftMigration = 0900;
						ProvisioningStyle = Automatic;
						SystemCapabilities = {
							com.apple.Sandbox = {
								enabled = 0;
							};
						};
					};
				};
			};
			buildConfigurationList = 95DA381A1F5722C100A1B9F0 /* Build configuration list for PBXProject "Conference" */;
			compatibilityVersion = "Xcode 8.0";
			developmentRegion = en;
			hasScannedForEncodings = 0;
			knownRegions = (
				en,
				Base,
			);
			mainGroup = 95DA38161F5722C100A1B9F0;
			productRefGroup = 95DA38161F5722C100A1B9F0;
			projectDirPath = "";
			projectRoot = "";
			targets = (
				95DA381E1F5722C100A1B9F0 /* Conference */,
			);
		};
/* End PBXProject section */

/* Begin PBXResourcesBuildPhase section */
		95DA381D1F5722C100A1B9F0 /* Resources */ = {
			isa = PBXResourcesBuildPhase;
			buildActionMask = 2147483647;
			files = (
			);
			runOnlyForDeploymentPostprocessing = 0;
		};
/* End PBXResourcesBuildPhase section */

/* Begin PBXSourcesBuildPhase section */
		95DA381B1F5722C100A1B9F0 /* Sources */ = {
			isa = PBXSourcesBuildPhase;
			buildActionMask = 2147483647;
			files = (
				958CD4551F8228A800D453C8 /* Aes256.swift in Sources */,
				958CD4541F8228A800D453C8 /* Sha256.swift in Sources */,
				9578E4731F911BA5004EF881 /* Aes256InitializationVector.swift in Sources */,
				957BABB31F98E77F00F6B383 /* VideoEncoder.swift in Sources */,
				957A76F01F7BD73A005D32ED /* VideoSession.swift in Sources */,
				957A76EB1F7BD73A005D32ED /* MenuManager.swift in Sources */,
				957A76FF1F7BD7FF005D32ED /* UdpSocket.swift in Sources */,
				957A76E61F7BD73A005D32ED /* TextInputViewComponent.swift in Sources */,
				957A76EE1F7BD73A005D32ED /* main.swift in Sources */,
				957A76F21F7BD73A005D32ED /* MainController.swift in Sources */,
				9598F6991F937457009080B9 /* VideoFrameCoder.swift in Sources */,
				95FE8C5C1F8A4DB4002556EA /* RandomNumberGenerator.swift in Sources */,
				957A76E81F7BD73A005D32ED /* VideoPreviewViewComponent.swift in Sources */,
				9578E4751F911BEF004EF881 /* Aes256Key.swift in Sources */,
				958CD4581F82292100D453C8 /* MouseEventMonitor.swift in Sources */,
				952528B51F8B9EA100054309 /* VideoViewComponent.swift in Sources */,
				957A76EA1F7BD73A005D32ED /* ApplicationManager.swift in Sources */,
				957A76F31F7BD73A005D32ED /* VideoSessionController.swift in Sources */,
				957A76E71F7BD73A005D32ED /* ButtonComponent.swift in Sources */,
				957A76E91F7BD73A005D32ED /* Appearance.swift in Sources */,
				957A76F41F7BD73A005D32ED /* ConnectionController.swift in Sources */,
				957A76F11F7BD73A005D32ED /* ContainerController.swift in Sources */,
				957A76ED1F7BD73A005D32ED /* Extension.swift in Sources */,
				9511448B1F9DD07D00F9FCFF /* Utils.swift in Sources */,
			);
			runOnlyForDeploymentPostprocessing = 0;
		};
/* End PBXSourcesBuildPhase section */

/* Begin XCBuildConfiguration section */
		95DA382B1F5722C100A1B9F0 /* Debug */ = {
			isa = XCBuildConfiguration;
			buildSettings = {
				ALWAYS_SEARCH_USER_PATHS = NO;
				CLANG_ANALYZER_NONNULL = YES;
				CLANG_ANALYZER_NUMBER_OBJECT_CONVERSION = YES_AGGRESSIVE;
				CLANG_CXX_LANGUAGE_STANDARD = "gnu++14";
				CLANG_CXX_LIBRARY = "libc++";
				CLANG_ENABLE_MODULES = YES;
				CLANG_ENABLE_OBJC_ARC = YES;
				CLANG_WARN_BLOCK_CAPTURE_AUTORELEASING = YES;
				CLANG_WARN_BOOL_CONVERSION = YES;
				CLANG_WARN_COMMA = YES;
				CLANG_WARN_CONSTANT_CONVERSION = YES;
				CLANG_WARN_DIRECT_OBJC_ISA_USAGE = YES_ERROR;
				CLANG_WARN_DOCUMENTATION_COMMENTS = YES;
				CLANG_WARN_EMPTY_BODY = YES;
				CLANG_WARN_ENUM_CONVERSION = YES;
				CLANG_WARN_INFINITE_RECURSION = YES;
				CLANG_WARN_INT_CONVERSION = YES;
				CLANG_WARN_NON_LITERAL_NULL_CONVERSION = YES;
				CLANG_WARN_OBJC_LITERAL_CONVERSION = YES;
				CLANG_WARN_OBJC_ROOT_CLASS = YES_ERROR;
				CLANG_WARN_RANGE_LOOP_ANALYSIS = YES;
				CLANG_WARN_STRICT_PROTOTYPES = YES;
				CLANG_WARN_SUSPICIOUS_MOVE = YES;
				CLANG_WARN_UNGUARDED_AVAILABILITY = YES_AGGRESSIVE;
				CLANG_WARN_UNREACHABLE_CODE = YES;
				CLANG_WARN__DUPLICATE_METHOD_MATCH = YES;
				CODE_SIGN_IDENTITY = "-";
				COPY_PHASE_STRIP = NO;
				DEBUG_INFORMATION_FORMAT = dwarf;
				ENABLE_STRICT_OBJC_MSGSEND = YES;
				ENABLE_TESTABILITY = YES;
				GCC_C_LANGUAGE_STANDARD = gnu11;
				GCC_DYNAMIC_NO_PIC = NO;
				GCC_NO_COMMON_BLOCKS = YES;
				GCC_OPTIMIZATION_LEVEL = 0;
				GCC_PREPROCESSOR_DEFINITIONS = (
					"DEBUG=1",
					"$(inherited)",
				);
				GCC_WARN_64_TO_32_BIT_CONVERSION = YES;
				GCC_WARN_ABOUT_RETURN_TYPE = YES_ERROR;
				GCC_WARN_UNDECLARED_SELECTOR = YES;
				GCC_WARN_UNINITIALIZED_AUTOS = YES_AGGRESSIVE;
				GCC_WARN_UNUSED_FUNCTION = YES;
				GCC_WARN_UNUSED_VARIABLE = YES;
				MACOSX_DEPLOYMENT_TARGET = 10.12;
				MTL_ENABLE_DEBUG_INFO = YES;
				ONLY_ACTIVE_ARCH = YES;
				SDKROOT = macosx;
				SWIFT_ACTIVE_COMPILATION_CONDITIONS = DEBUG;
				SWIFT_OPTIMIZATION_LEVEL = "-Onone";
			};
			name = Debug;
		};
		95DA382C1F5722C100A1B9F0 /* Release */ = {
			isa = XCBuildConfiguration;
			buildSettings = {
				ALWAYS_SEARCH_USER_PATHS = NO;
				CLANG_ANALYZER_NONNULL = YES;
				CLANG_ANALYZER_NUMBER_OBJECT_CONVERSION = YES_AGGRESSIVE;
				CLANG_CXX_LANGUAGE_STANDARD = "gnu++14";
				CLANG_CXX_LIBRARY = "libc++";
				CLANG_ENABLE_MODULES = YES;
				CLANG_ENABLE_OBJC_ARC = YES;
				CLANG_WARN_BLOCK_CAPTURE_AUTORELEASING = YES;
				CLANG_WARN_BOOL_CONVERSION = YES;
				CLANG_WARN_COMMA = YES;
				CLANG_WARN_CONSTANT_CONVERSION = YES;
				CLANG_WARN_DIRECT_OBJC_ISA_USAGE = YES_ERROR;
				CLANG_WARN_DOCUMENTATION_COMMENTS = YES;
				CLANG_WARN_EMPTY_BODY = YES;
				CLANG_WARN_ENUM_CONVERSION = YES;
				CLANG_WARN_INFINITE_RECURSION = YES;
				CLANG_WARN_INT_CONVERSION = YES;
				CLANG_WARN_NON_LITERAL_NULL_CONVERSION = YES;
				CLANG_WARN_OBJC_LITERAL_CONVERSION = YES;
				CLANG_WARN_OBJC_ROOT_CLASS = YES_ERROR;
				CLANG_WARN_RANGE_LOOP_ANALYSIS = YES;
				CLANG_WARN_STRICT_PROTOTYPES = YES;
				CLANG_WARN_SUSPICIOUS_MOVE = YES;
				CLANG_WARN_UNGUARDED_AVAILABILITY = YES_AGGRESSIVE;
				CLANG_WARN_UNREACHABLE_CODE = YES;
				CLANG_WARN__DUPLICATE_METHOD_MATCH = YES;
				CODE_SIGN_IDENTITY = "-";
				COPY_PHASE_STRIP = NO;
				DEBUG_INFORMATION_FORMAT = "dwarf-with-dsym";
				ENABLE_NS_ASSERTIONS = NO;
				ENABLE_STRICT_OBJC_MSGSEND = YES;
				GCC_C_LANGUAGE_STANDARD = gnu11;
				GCC_NO_COMMON_BLOCKS = YES;
				GCC_WARN_64_TO_32_BIT_CONVERSION = YES;
				GCC_WARN_ABOUT_RETURN_TYPE = YES_ERROR;
				GCC_WARN_UNDECLARED_SELECTOR = YES;
				GCC_WARN_UNINITIALIZED_AUTOS = YES_AGGRESSIVE;
				GCC_WARN_UNUSED_FUNCTION = YES;
				GCC_WARN_UNUSED_VARIABLE = YES;
				MACOSX_DEPLOYMENT_TARGET = 10.12;
				MTL_ENABLE_DEBUG_INFO = NO;
				SDKROOT = macosx;
				SWIFT_OPTIMIZATION_LEVEL = "-Owholemodule";
			};
			name = Release;
		};
		95DA382E1F5722C100A1B9F0 /* Debug */ = {
			isa = XCBuildConfiguration;
			buildSettings = {
				CLANG_ENABLE_MODULES = YES;
				CODE_SIGN_IDENTITY = "Mac Developer";
				CODE_SIGN_STYLE = Automatic;
				COMBINE_HIDPI_IMAGES = YES;
				DEVELOPMENT_TEAM = NW78896QRZ;
				INFOPLIST_FILE = "$(SRCROOT)/Conference/misc/Info.plist";
				LD_RUNPATH_SEARCH_PATHS = "$(inherited) @executable_path/../Frameworks";
				MACOSX_DEPLOYMENT_TARGET = 10.13;
				PRODUCT_BUNDLE_IDENTIFIER = com.Conference;
				PRODUCT_NAME = "$(TARGET_NAME)";
				PROVISIONING_PROFILE_SPECIFIER = "";
				SWIFT_OBJC_BRIDGING_HEADER = Conference/misc/BridgingHeader.h;
				SWIFT_OPTIMIZATION_LEVEL = "-Onone";
				SWIFT_VERSION = 4.0;
			};
			name = Debug;
		};
		95DA382F1F5722C100A1B9F0 /* Release */ = {
			isa = XCBuildConfiguration;
			buildSettings = {
				CLANG_ENABLE_MODULES = YES;
				CODE_SIGN_IDENTITY = "Mac Developer";
				CODE_SIGN_STYLE = Automatic;
				COMBINE_HIDPI_IMAGES = YES;
				DEVELOPMENT_TEAM = NW78896QRZ;
				INFOPLIST_FILE = "$(SRCROOT)/Conference/misc/Info.plist";
				LD_RUNPATH_SEARCH_PATHS = "$(inherited) @executable_path/../Frameworks";
				MACOSX_DEPLOYMENT_TARGET = 10.13;
				PRODUCT_BUNDLE_IDENTIFIER = com.Conference;
				PRODUCT_NAME = "$(TARGET_NAME)";
				PROVISIONING_PROFILE_SPECIFIER = "";
				SWIFT_OBJC_BRIDGING_HEADER = Conference/misc/BridgingHeader.h;
				SWIFT_VERSION = 4.0;
			};
			name = Release;
		};
/* End XCBuildConfiguration section */

/* Begin XCConfigurationList section */
		95DA381A1F5722C100A1B9F0 /* Build configuration list for PBXProject "Conference" */ = {
			isa = XCConfigurationList;
			buildConfigurations = (
				95DA382B1F5722C100A1B9F0 /* Debug */,
				95DA382C1F5722C100A1B9F0 /* Release */,
			);
			defaultConfigurationIsVisible = 0;
			defaultConfigurationName = Release;
		};
		95DA382D1F5722C100A1B9F0 /* Build configuration list for PBXNativeTarget "Conference" */ = {
			isa = XCConfigurationList;
			buildConfigurations = (
				95DA382E1F5722C100A1B9F0 /* Debug */,
				95DA382F1F5722C100A1B9F0 /* Release */,
			);
			defaultConfigurationIsVisible = 0;
			defaultConfigurationName = Release;
		};
/* End XCConfigurationList section */
	};
	rootObject = 95DA38171F5722C100A1B9F0 /* Project object */;
}
