// !$*UTF8*$!
{
	archiveVersion = 1;
	classes = {
	};
	objectVersion = 48;
	objects = {

/* Begin PBXBuildFile section */
		9564ED021F7E800A00B0FB87 /* Tests.swift in Sources */ = {isa = PBXBuildFile; fileRef = 9564ED011F7E800A00B0FB87 /* Tests.swift */; };
		9564ED091F7E815F00B0FB87 /* UdpSocket.swift in Sources */ = {isa = PBXBuildFile; fileRef = 957A76F81F7BD7FF005D32ED /* UdpSocket.swift */; };
		957A76E61F7BD73A005D32ED /* TextInputViewComponent.swift in Sources */ = {isa = PBXBuildFile; fileRef = 957A76D21F7BD739005D32ED /* TextInputViewComponent.swift */; };
		957A76E71F7BD73A005D32ED /* ButtonComponent.swift in Sources */ = {isa = PBXBuildFile; fileRef = 957A76D31F7BD739005D32ED /* ButtonComponent.swift */; };
		957A76E81F7BD73A005D32ED /* VideoPreviewViewComponent.swift in Sources */ = {isa = PBXBuildFile; fileRef = 957A76D41F7BD739005D32ED /* VideoPreviewViewComponent.swift */; };
		957A76E91F7BD73A005D32ED /* Appearance.swift in Sources */ = {isa = PBXBuildFile; fileRef = 957A76D51F7BD739005D32ED /* Appearance.swift */; };
		957A76EA1F7BD73A005D32ED /* ApplicationManager.swift in Sources */ = {isa = PBXBuildFile; fileRef = 957A76D71F7BD739005D32ED /* ApplicationManager.swift */; };
		957A76EB1F7BD73A005D32ED /* MenuManager.swift in Sources */ = {isa = PBXBuildFile; fileRef = 957A76D81F7BD739005D32ED /* MenuManager.swift */; };
		957A76EC1F7BD73A005D32ED /* MouseEventMonitor.swift in Sources */ = {isa = PBXBuildFile; fileRef = 957A76DB1F7BD73A005D32ED /* MouseEventMonitor.swift */; };
		957A76ED1F7BD73A005D32ED /* Extension.swift in Sources */ = {isa = PBXBuildFile; fileRef = 957A76DC1F7BD73A005D32ED /* Extension.swift */; };
		957A76EE1F7BD73A005D32ED /* main.swift in Sources */ = {isa = PBXBuildFile; fileRef = 957A76DD1F7BD73A005D32ED /* main.swift */; };
		957A76F01F7BD73A005D32ED /* VideoSession.swift in Sources */ = {isa = PBXBuildFile; fileRef = 957A76E01F7BD73A005D32ED /* VideoSession.swift */; };
		957A76F11F7BD73A005D32ED /* ContainerController.swift in Sources */ = {isa = PBXBuildFile; fileRef = 957A76E21F7BD73A005D32ED /* ContainerController.swift */; };
		957A76F21F7BD73A005D32ED /* MainController.swift in Sources */ = {isa = PBXBuildFile; fileRef = 957A76E31F7BD73A005D32ED /* MainController.swift */; };
		957A76F31F7BD73A005D32ED /* VideoSessionController.swift in Sources */ = {isa = PBXBuildFile; fileRef = 957A76E41F7BD73A005D32ED /* VideoSessionController.swift */; };
		957A76F41F7BD73A005D32ED /* ConnectionController.swift in Sources */ = {isa = PBXBuildFile; fileRef = 957A76E51F7BD73A005D32ED /* ConnectionController.swift */; };
		957A76FF1F7BD7FF005D32ED /* UdpSocket.swift in Sources */ = {isa = PBXBuildFile; fileRef = 957A76F81F7BD7FF005D32ED /* UdpSocket.swift */; };
/* End PBXBuildFile section */

/* Begin PBXContainerItemProxy section */
		9564ED041F7E800A00B0FB87 /* PBXContainerItemProxy */ = {
			isa = PBXContainerItemProxy;
			containerPortal = 95DA38171F5722C100A1B9F0 /* Project object */;
			proxyType = 1;
			remoteGlobalIDString = 95DA381E1F5722C100A1B9F0;
			remoteInfo = Conference;
		};
/* End PBXContainerItemProxy section */

/* Begin PBXFileReference section */
		9564ED011F7E800A00B0FB87 /* Tests.swift */ = {isa = PBXFileReference; lastKnownFileType = sourcecode.swift; path = Tests.swift; sourceTree = "<group>"; };
		9564ED031F7E800A00B0FB87 /* Info.plist */ = {isa = PBXFileReference; lastKnownFileType = text.plist.xml; path = Info.plist; sourceTree = "<group>"; };
		9564ED0A1F7E826B00B0FB87 /* Tests.xctest */ = {isa = PBXFileReference; explicitFileType = wrapper.cfbundle; includeInIndex = 0; path = Tests.xctest; sourceTree = BUILT_PRODUCTS_DIR; };
		957A76D21F7BD739005D32ED /* TextInputViewComponent.swift */ = {isa = PBXFileReference; fileEncoding = 4; lastKnownFileType = sourcecode.swift; path = TextInputViewComponent.swift; sourceTree = "<group>"; };
		957A76D31F7BD739005D32ED /* ButtonComponent.swift */ = {isa = PBXFileReference; fileEncoding = 4; lastKnownFileType = sourcecode.swift; path = ButtonComponent.swift; sourceTree = "<group>"; };
		957A76D41F7BD739005D32ED /* VideoPreviewViewComponent.swift */ = {isa = PBXFileReference; fileEncoding = 4; lastKnownFileType = sourcecode.swift; path = VideoPreviewViewComponent.swift; sourceTree = "<group>"; };
		957A76D51F7BD739005D32ED /* Appearance.swift */ = {isa = PBXFileReference; fileEncoding = 4; lastKnownFileType = sourcecode.swift; path = Appearance.swift; sourceTree = "<group>"; };
		957A76D71F7BD739005D32ED /* ApplicationManager.swift */ = {isa = PBXFileReference; fileEncoding = 4; lastKnownFileType = sourcecode.swift; path = ApplicationManager.swift; sourceTree = "<group>"; };
		957A76D81F7BD739005D32ED /* MenuManager.swift */ = {isa = PBXFileReference; fileEncoding = 4; lastKnownFileType = sourcecode.swift; path = MenuManager.swift; sourceTree = "<group>"; };
		957A76DB1F7BD73A005D32ED /* MouseEventMonitor.swift */ = {isa = PBXFileReference; fileEncoding = 4; lastKnownFileType = sourcecode.swift; path = MouseEventMonitor.swift; sourceTree = "<group>"; };
		957A76DC1F7BD73A005D32ED /* Extension.swift */ = {isa = PBXFileReference; fileEncoding = 4; lastKnownFileType = sourcecode.swift; path = Extension.swift; sourceTree = "<group>"; };
		957A76DD1F7BD73A005D32ED /* main.swift */ = {isa = PBXFileReference; fileEncoding = 4; lastKnownFileType = sourcecode.swift; path = main.swift; sourceTree = "<group>"; };
		957A76DE1F7BD73A005D32ED /* Info.plist */ = {isa = PBXFileReference; fileEncoding = 4; lastKnownFileType = text.plist.xml; path = Info.plist; sourceTree = "<group>"; };
		957A76E01F7BD73A005D32ED /* VideoSession.swift */ = {isa = PBXFileReference; fileEncoding = 4; lastKnownFileType = sourcecode.swift; path = VideoSession.swift; sourceTree = "<group>"; };
		957A76E21F7BD73A005D32ED /* ContainerController.swift */ = {isa = PBXFileReference; fileEncoding = 4; lastKnownFileType = sourcecode.swift; path = ContainerController.swift; sourceTree = "<group>"; };
		957A76E31F7BD73A005D32ED /* MainController.swift */ = {isa = PBXFileReference; fileEncoding = 4; lastKnownFileType = sourcecode.swift; path = MainController.swift; sourceTree = "<group>"; };
		957A76E41F7BD73A005D32ED /* VideoSessionController.swift */ = {isa = PBXFileReference; fileEncoding = 4; lastKnownFileType = sourcecode.swift; path = VideoSessionController.swift; sourceTree = "<group>"; };
		957A76E51F7BD73A005D32ED /* ConnectionController.swift */ = {isa = PBXFileReference; fileEncoding = 4; lastKnownFileType = sourcecode.swift; path = ConnectionController.swift; sourceTree = "<group>"; };
		957A76F81F7BD7FF005D32ED /* UdpSocket.swift */ = {isa = PBXFileReference; fileEncoding = 4; lastKnownFileType = sourcecode.swift; path = UdpSocket.swift; sourceTree = "<group>"; };
		95DA38501F5725D300A1B9F0 /* Conference.app */ = {isa = PBXFileReference; explicitFileType = wrapper.application; includeInIndex = 0; path = Conference.app; sourceTree = BUILT_PRODUCTS_DIR; };
/* End PBXFileReference section */

/* Begin PBXFrameworksBuildPhase section */
		9564ECFC1F7E800A00B0FB87 /* Frameworks */ = {
			isa = PBXFrameworksBuildPhase;
			buildActionMask = 2147483647;
			files = (
			);
			runOnlyForDeploymentPostprocessing = 0;
		};
		95DA381C1F5722C100A1B9F0 /* Frameworks */ = {
			isa = PBXFrameworksBuildPhase;
			buildActionMask = 2147483647;
			files = (
			);
			runOnlyForDeploymentPostprocessing = 0;
		};
/* End PBXFrameworksBuildPhase section */

/* Begin PBXGroup section */
		9564ED001F7E800A00B0FB87 /* Tests */ = {
			isa = PBXGroup;
			children = (
				9564ED011F7E800A00B0FB87 /* Tests.swift */,
				9564ED031F7E800A00B0FB87 /* Info.plist */,
			);
			path = Tests;
			sourceTree = "<group>";
		};
		957A76D11F7BD739005D32ED /* view */ = {
			isa = PBXGroup;
			children = (
				957A76D21F7BD739005D32ED /* TextInputViewComponent.swift */,
				957A76D31F7BD739005D32ED /* ButtonComponent.swift */,
				957A76D41F7BD739005D32ED /* VideoPreviewViewComponent.swift */,
				957A76D51F7BD739005D32ED /* Appearance.swift */,
			);
			name = view;
			path = Conference/view;
			sourceTree = "<group>";
		};
		957A76D61F7BD739005D32ED /* manager */ = {
			isa = PBXGroup;
			children = (
				957A76D71F7BD739005D32ED /* ApplicationManager.swift */,
				957A76D81F7BD739005D32ED /* MenuManager.swift */,
			);
			name = manager;
			path = Conference/manager;
			sourceTree = "<group>";
		};
		957A76D91F7BD739005D32ED /* network */ = {
			isa = PBXGroup;
			children = (
				957A76F81F7BD7FF005D32ED /* UdpSocket.swift */,
			);
			name = network;
			path = Conference/network;
			sourceTree = "<group>";
		};
		957A76DA1F7BD73A005D32ED /* misc */ = {
			isa = PBXGroup;
			children = (
				957A76DB1F7BD73A005D32ED /* MouseEventMonitor.swift */,
				957A76DC1F7BD73A005D32ED /* Extension.swift */,
				957A76DD1F7BD73A005D32ED /* main.swift */,
				957A76DE1F7BD73A005D32ED /* Info.plist */,
			);
			name = misc;
			path = Conference/misc;
			sourceTree = "<group>";
		};
		957A76DF1F7BD73A005D32ED /* video */ = {
			isa = PBXGroup;
			children = (
				957A76E01F7BD73A005D32ED /* VideoSession.swift */,
			);
			name = video;
			path = Conference/video;
			sourceTree = "<group>";
		};
		957A76E11F7BD73A005D32ED /* controller */ = {
			isa = PBXGroup;
			children = (
				957A76E21F7BD73A005D32ED /* ContainerController.swift */,
				957A76E31F7BD73A005D32ED /* MainController.swift */,
				957A76E41F7BD73A005D32ED /* VideoSessionController.swift */,
				957A76E51F7BD73A005D32ED /* ConnectionController.swift */,
			);
			name = controller;
			path = Conference/controller;
			sourceTree = "<group>";
		};
		95DA38161F5722C100A1B9F0 = {
			isa = PBXGroup;
			children = (
				957A76E11F7BD73A005D32ED /* controller */,
				957A76D61F7BD739005D32ED /* manager */,
				957A76D91F7BD739005D32ED /* network */,
				957A76DF1F7BD73A005D32ED /* video */,
				957A76D11F7BD739005D32ED /* view */,
				957A76DA1F7BD73A005D32ED /* misc */,
				95DA38501F5725D300A1B9F0 /* Conference.app */,
				9564ED001F7E800A00B0FB87 /* Tests */,
				9564ED0A1F7E826B00B0FB87 /* Tests.xctest */,
			);
			sourceTree = "<group>";
		};
/* End PBXGroup section */

/* Begin PBXNativeTarget section */
		9564ECFE1F7E800A00B0FB87 /* Tests */ = {
			isa = PBXNativeTarget;
			buildConfigurationList = 9564ED081F7E800A00B0FB87 /* Build configuration list for PBXNativeTarget "Tests" */;
			buildPhases = (
				9564ECFB1F7E800A00B0FB87 /* Sources */,
				9564ECFC1F7E800A00B0FB87 /* Frameworks */,
				9564ECFD1F7E800A00B0FB87 /* Resources */,
			);
			buildRules = (
			);
			dependencies = (
				9564ED051F7E800A00B0FB87 /* PBXTargetDependency */,
			);
			name = Tests;
			productName = Tests;
			productReference = 9564ED0A1F7E826B00B0FB87 /* Tests.xctest */;
			productType = "com.apple.product-type.bundle.unit-test";
		};
		95DA381E1F5722C100A1B9F0 /* Conference */ = {
			isa = PBXNativeTarget;
			buildConfigurationList = 95DA382D1F5722C100A1B9F0 /* Build configuration list for PBXNativeTarget "Conference" */;
			buildPhases = (
				95DA381B1F5722C100A1B9F0 /* Sources */,
				95DA381C1F5722C100A1B9F0 /* Frameworks */,
				95DA381D1F5722C100A1B9F0 /* Resources */,
			);
			buildRules = (
			);
			dependencies = (
			);
			name = Conference;
			productName = Conference;
			productReference = 95DA38501F5725D300A1B9F0 /* Conference.app */;
			productType = "com.apple.product-type.application";
		};
/* End PBXNativeTarget section */

/* Begin PBXProject section */
		95DA38171F5722C100A1B9F0 /* Project object */ = {
			isa = PBXProject;
			attributes = {
				LastSwiftUpdateCheck = 0900;
				LastUpgradeCheck = 0900;
				TargetAttributes = {
					9564ECFE1F7E800A00B0FB87 = {
						CreatedOnToolsVersion = 9.0;
						ProvisioningStyle = Automatic;
					};
					95DA381E1F5722C100A1B9F0 = {
						CreatedOnToolsVersion = 9.0;
						LastSwiftMigration = 0900;
						ProvisioningStyle = Automatic;
						SystemCapabilities = {
							com.apple.Sandbox = {
								enabled = 0;
							};
						};
					};
				};
			};
			buildConfigurationList = 95DA381A1F5722C100A1B9F0 /* Build configuration list for PBXProject "Conference" */;
			compatibilityVersion = "Xcode 8.0";
			developmentRegion = en;
			hasScannedForEncodings = 0;
			knownRegions = (
				en,
				Base,
			);
			mainGroup = 95DA38161F5722C100A1B9F0;
			productRefGroup = 95DA38161F5722C100A1B9F0;
			projectDirPath = "";
			projectRoot = "";
			targets = (
				95DA381E1F5722C100A1B9F0 /* Conference */,
				9564ECFE1F7E800A00B0FB87 /* Tests */,
			);
		};
/* End PBXProject section */

/* Begin PBXResourcesBuildPhase section */
		9564ECFD1F7E800A00B0FB87 /* Resources */ = {
			isa = PBXResourcesBuildPhase;
			buildActionMask = 2147483647;
			files = (
			);
			runOnlyForDeploymentPostprocessing = 0;
		};
		95DA381D1F5722C100A1B9F0 /* Resources */ = {
			isa = PBXResourcesBuildPhase;
			buildActionMask = 2147483647;
			files = (
			);
			runOnlyForDeploymentPostprocessing = 0;
		};
/* End PBXResourcesBuildPhase section */

/* Begin PBXSourcesBuildPhase section */
		9564ECFB1F7E800A00B0FB87 /* Sources */ = {
			isa = PBXSourcesBuildPhase;
			buildActionMask = 2147483647;
			files = (
				9564ED091F7E815F00B0FB87 /* UdpSocket.swift in Sources */,
				9564ED021F7E800A00B0FB87 /* Tests.swift in Sources */,
			);
			runOnlyForDeploymentPostprocessing = 0;
		};
		95DA381B1F5722C100A1B9F0 /* Sources */ = {
			isa = PBXSourcesBuildPhase;
			buildActionMask = 2147483647;
			files = (
				957A76F01F7BD73A005D32ED /* VideoSession.swift in Sources */,
				957A76EB1F7BD73A005D32ED /* MenuManager.swift in Sources */,
				957A76FF1F7BD7FF005D32ED /* UdpSocket.swift in Sources */,
				957A76E61F7BD73A005D32ED /* TextInputViewComponent.swift in Sources */,
				957A76EE1F7BD73A005D32ED /* main.swift in Sources */,
				957A76F21F7BD73A005D32ED /* MainController.swift in Sources */,
				957A76E81F7BD73A005D32ED /* VideoPreviewViewComponent.swift in Sources */,
				957A76EA1F7BD73A005D32ED /* ApplicationManager.swift in Sources */,
				957A76F31F7BD73A005D32ED /* VideoSessionController.swift in Sources */,
				957A76E71F7BD73A005D32ED /* ButtonComponent.swift in Sources */,
				957A76E91F7BD73A005D32ED /* Appearance.swift in Sources */,
				957A76EC1F7BD73A005D32ED /* MouseEventMonitor.swift in Sources */,
				957A76F41F7BD73A005D32ED /* ConnectionController.swift in Sources */,
				957A76F11F7BD73A005D32ED /* ContainerController.swift in Sources */,
				957A76ED1F7BD73A005D32ED /* Extension.swift in Sources */,
			);
			runOnlyForDeploymentPostprocessing = 0;
		};
/* End PBXSourcesBuildPhase section */

/* Begin PBXTargetDependency section */
		9564ED051F7E800A00B0FB87 /* PBXTargetDependency */ = {
			isa = PBXTargetDependency;
			target = 95DA381E1F5722C100A1B9F0 /* Conference */;
			targetProxy = 9564ED041F7E800A00B0FB87 /* PBXContainerItemProxy */;
		};
/* End PBXTargetDependency section */

/* Begin XCBuildConfiguration section */
		9564ED061F7E800A00B0FB87 /* Debug */ = {
			isa = XCBuildConfiguration;
			buildSettings = {
				CODE_SIGN_STYLE = Automatic;
				COMBINE_HIDPI_IMAGES = YES;
				INFOPLIST_FILE = Tests/Info.plist;
				LD_RUNPATH_SEARCH_PATHS = "$(inherited) @executable_path/../Frameworks @loader_path/../Frameworks";
				MACOSX_DEPLOYMENT_TARGET = 10.13;
				PRODUCT_BUNDLE_IDENTIFIER = com.livelycode.Tests;
				PRODUCT_NAME = "$(TARGET_NAME)";
				SWIFT_VERSION = 4.0;
			};
			name = Debug;
		};
		9564ED071F7E800A00B0FB87 /* Release */ = {
			isa = XCBuildConfiguration;
			buildSettings = {
				CODE_SIGN_STYLE = Automatic;
				COMBINE_HIDPI_IMAGES = YES;
				INFOPLIST_FILE = Tests/Info.plist;
				LD_RUNPATH_SEARCH_PATHS = "$(inherited) @executable_path/../Frameworks @loader_path/../Frameworks";
				MACOSX_DEPLOYMENT_TARGET = 10.13;
				PRODUCT_BUNDLE_IDENTIFIER = com.livelycode.Tests;
				PRODUCT_NAME = "$(TARGET_NAME)";
				SWIFT_VERSION = 4.0;
			};
			name = Release;
		};
		95DA382B1F5722C100A1B9F0 /* Debug */ = {
			isa = XCBuildConfiguration;
			buildSettings = {
				ALWAYS_SEARCH_USER_PATHS = NO;
				CLANG_ANALYZER_NONNULL = YES;
				CLANG_ANALYZER_NUMBER_OBJECT_CONVERSION = YES_AGGRESSIVE;
				CLANG_CXX_LANGUAGE_STANDARD = "gnu++14";
				CLANG_CXX_LIBRARY = "libc++";
				CLANG_ENABLE_MODULES = YES;
				CLANG_ENABLE_OBJC_ARC = YES;
				CLANG_WARN_BLOCK_CAPTURE_AUTORELEASING = YES;
				CLANG_WARN_BOOL_CONVERSION = YES;
				CLANG_WARN_COMMA = YES;
				CLANG_WARN_CONSTANT_CONVERSION = YES;
				CLANG_WARN_DIRECT_OBJC_ISA_USAGE = YES_ERROR;
				CLANG_WARN_DOCUMENTATION_COMMENTS = YES;
				CLANG_WARN_EMPTY_BODY = YES;
				CLANG_WARN_ENUM_CONVERSION = YES;
				CLANG_WARN_INFINITE_RECURSION = YES;
				CLANG_WARN_INT_CONVERSION = YES;
				CLANG_WARN_NON_LITERAL_NULL_CONVERSION = YES;
				CLANG_WARN_OBJC_LITERAL_CONVERSION = YES;
				CLANG_WARN_OBJC_ROOT_CLASS = YES_ERROR;
				CLANG_WARN_RANGE_LOOP_ANALYSIS = YES;
				CLANG_WARN_STRICT_PROTOTYPES = YES;
				CLANG_WARN_SUSPICIOUS_MOVE = YES;
				CLANG_WARN_UNGUARDED_AVAILABILITY = YES_AGGRESSIVE;
				CLANG_WARN_UNREACHABLE_CODE = YES;
				CLANG_WARN__DUPLICATE_METHOD_MATCH = YES;
				CODE_SIGN_IDENTITY = "-";
				COPY_PHASE_STRIP = NO;
				DEBUG_INFORMATION_FORMAT = dwarf;
				ENABLE_STRICT_OBJC_MSGSEND = YES;
				ENABLE_TESTABILITY = YES;
				GCC_C_LANGUAGE_STANDARD = gnu11;
				GCC_DYNAMIC_NO_PIC = NO;
				GCC_NO_COMMON_BLOCKS = YES;
				GCC_OPTIMIZATION_LEVEL = 0;
				GCC_PREPROCESSOR_DEFINITIONS = (
					"DEBUG=1",
					"$(inherited)",
				);
				GCC_WARN_64_TO_32_BIT_CONVERSION = YES;
				GCC_WARN_ABOUT_RETURN_TYPE = YES_ERROR;
				GCC_WARN_UNDECLARED_SELECTOR = YES;
				GCC_WARN_UNINITIALIZED_AUTOS = YES_AGGRESSIVE;
				GCC_WARN_UNUSED_FUNCTION = YES;
				GCC_WARN_UNUSED_VARIABLE = YES;
				MACOSX_DEPLOYMENT_TARGET = 10.12;
				MTL_ENABLE_DEBUG_INFO = YES;
				ONLY_ACTIVE_ARCH = YES;
				SDKROOT = macosx;
				SWIFT_ACTIVE_COMPILATION_CONDITIONS = DEBUG;
				SWIFT_OPTIMIZATION_LEVEL = "-Onone";
			};
			name = Debug;
		};
		95DA382C1F5722C100A1B9F0 /* Release */ = {
			isa = XCBuildConfiguration;
			buildSettings = {
				ALWAYS_SEARCH_USER_PATHS = NO;
				CLANG_ANALYZER_NONNULL = YES;
				CLANG_ANALYZER_NUMBER_OBJECT_CONVERSION = YES_AGGRESSIVE;
				CLANG_CXX_LANGUAGE_STANDARD = "gnu++14";
				CLANG_CXX_LIBRARY = "libc++";
				CLANG_ENABLE_MODULES = YES;
				CLANG_ENABLE_OBJC_ARC = YES;
				CLANG_WARN_BLOCK_CAPTURE_AUTORELEASING = YES;
				CLANG_WARN_BOOL_CONVERSION = YES;
				CLANG_WARN_COMMA = YES;
				CLANG_WARN_CONSTANT_CONVERSION = YES;
				CLANG_WARN_DIRECT_OBJC_ISA_USAGE = YES_ERROR;
				CLANG_WARN_DOCUMENTATION_COMMENTS = YES;
				CLANG_WARN_EMPTY_BODY = YES;
				CLANG_WARN_ENUM_CONVERSION = YES;
				CLANG_WARN_INFINITE_RECURSION = YES;
				CLANG_WARN_INT_CONVERSION = YES;
				CLANG_WARN_NON_LITERAL_NULL_CONVERSION = YES;
				CLANG_WARN_OBJC_LITERAL_CONVERSION = YES;
				CLANG_WARN_OBJC_ROOT_CLASS = YES_ERROR;
				CLANG_WARN_RANGE_LOOP_ANALYSIS = YES;
				CLANG_WARN_STRICT_PROTOTYPES = YES;
				CLANG_WARN_SUSPICIOUS_MOVE = YES;
				CLANG_WARN_UNGUARDED_AVAILABILITY = YES_AGGRESSIVE;
				CLANG_WARN_UNREACHABLE_CODE = YES;
				CLANG_WARN__DUPLICATE_METHOD_MATCH = YES;
				CODE_SIGN_IDENTITY = "-";
				COPY_PHASE_STRIP = NO;
				DEBUG_INFORMATION_FORMAT = "dwarf-with-dsym";
				ENABLE_NS_ASSERTIONS = NO;
				ENABLE_STRICT_OBJC_MSGSEND = YES;
				GCC_C_LANGUAGE_STANDARD = gnu11;
				GCC_NO_COMMON_BLOCKS = YES;
				GCC_WARN_64_TO_32_BIT_CONVERSION = YES;
				GCC_WARN_ABOUT_RETURN_TYPE = YES_ERROR;
				GCC_WARN_UNDECLARED_SELECTOR = YES;
				GCC_WARN_UNINITIALIZED_AUTOS = YES_AGGRESSIVE;
				GCC_WARN_UNUSED_FUNCTION = YES;
				GCC_WARN_UNUSED_VARIABLE = YES;
				MACOSX_DEPLOYMENT_TARGET = 10.12;
				MTL_ENABLE_DEBUG_INFO = NO;
				SDKROOT = macosx;
				SWIFT_OPTIMIZATION_LEVEL = "-Owholemodule";
			};
			name = Release;
		};
		95DA382E1F5722C100A1B9F0 /* Debug */ = {
			isa = XCBuildConfiguration;
			buildSettings = {
				CLANG_ENABLE_MODULES = YES;
				CODE_SIGN_IDENTITY = "Mac Developer";
				CODE_SIGN_STYLE = Automatic;
				COMBINE_HIDPI_IMAGES = YES;
				DEVELOPMENT_TEAM = NW78896QRZ;
				INFOPLIST_FILE = "$(SRCROOT)/Conference/misc/Info.plist";
				LD_RUNPATH_SEARCH_PATHS = "$(inherited) @executable_path/../Frameworks";
				MACOSX_DEPLOYMENT_TARGET = 10.13;
				PRODUCT_BUNDLE_IDENTIFIER = com.Conference;
				PRODUCT_NAME = "$(TARGET_NAME)";
				PROVISIONING_PROFILE_SPECIFIER = "";
				SWIFT_OBJC_BRIDGING_HEADER = "";
				SWIFT_OPTIMIZATION_LEVEL = "-Onone";
				SWIFT_VERSION = 4.0;
			};
			name = Debug;
		};
		95DA382F1F5722C100A1B9F0 /* Release */ = {
			isa = XCBuildConfiguration;
			buildSettings = {
				CLANG_ENABLE_MODULES = YES;
				CODE_SIGN_IDENTITY = "Mac Developer";
				CODE_SIGN_STYLE = Automatic;
				COMBINE_HIDPI_IMAGES = YES;
				DEVELOPMENT_TEAM = NW78896QRZ;
				INFOPLIST_FILE = "$(SRCROOT)/Conference/misc/Info.plist";
				LD_RUNPATH_SEARCH_PATHS = "$(inherited) @executable_path/../Frameworks";
				MACOSX_DEPLOYMENT_TARGET = 10.13;
				PRODUCT_BUNDLE_IDENTIFIER = com.Conference;
				PRODUCT_NAME = "$(TARGET_NAME)";
				PROVISIONING_PROFILE_SPECIFIER = "";
				SWIFT_OBJC_BRIDGING_HEADER = "";
				SWIFT_VERSION = 4.0;
			};
			name = Release;
		};
/* End XCBuildConfiguration section */

/* Begin XCConfigurationList section */
		9564ED081F7E800A00B0FB87 /* Build configuration list for PBXNativeTarget "Tests" */ = {
			isa = XCConfigurationList;
			buildConfigurations = (
				9564ED061F7E800A00B0FB87 /* Debug */,
				9564ED071F7E800A00B0FB87 /* Release */,
			);
			defaultConfigurationIsVisible = 0;
			defaultConfigurationName = Release;
		};
		95DA381A1F5722C100A1B9F0 /* Build configuration list for PBXProject "Conference" */ = {
			isa = XCConfigurationList;
			buildConfigurations = (
				95DA382B1F5722C100A1B9F0 /* Debug */,
				95DA382C1F5722C100A1B9F0 /* Release */,
			);
			defaultConfigurationIsVisible = 0;
			defaultConfigurationName = Release;
		};
		95DA382D1F5722C100A1B9F0 /* Build configuration list for PBXNativeTarget "Conference" */ = {
			isa = XCConfigurationList;
			buildConfigurations = (
				95DA382E1F5722C100A1B9F0 /* Debug */,
				95DA382F1F5722C100A1B9F0 /* Release */,
			);
			defaultConfigurationIsVisible = 0;
			defaultConfigurationName = Release;
		};
/* End XCConfigurationList section */
	};
	rootObject = 95DA38171F5722C100A1B9F0 /* Project object */;
}
